// !$*UTF8*$!
{
	archiveVersion = 1;
	classes = {
	};
	objectVersion = 46;
	objects = {

/* Begin PBXBuildFile section */
		403F2EA5130DA80800211392 /* ConvalotTopicsViewController.m in Sources */ = {isa = PBXBuildFile; fileRef = 403F2EA4130DA80800211392 /* ConvalotTopicsViewController.m */; };
		407A5566130D67B700AC33F4 /* UIKit.framework in Frameworks */ = {isa = PBXBuildFile; fileRef = 407A5565130D67B700AC33F4 /* UIKit.framework */; };
		407A5568130D67B700AC33F4 /* Foundation.framework in Frameworks */ = {isa = PBXBuildFile; fileRef = 407A5567130D67B700AC33F4 /* Foundation.framework */; };
		407A556A130D67B700AC33F4 /* CoreGraphics.framework in Frameworks */ = {isa = PBXBuildFile; fileRef = 407A5569130D67B700AC33F4 /* CoreGraphics.framework */; };
		407A5570130D67B700AC33F4 /* InfoPlist.strings in Resources */ = {isa = PBXBuildFile; fileRef = 407A556E130D67B700AC33F4 /* InfoPlist.strings */; };
		407A5573130D67B700AC33F4 /* main.m in Sources */ = {isa = PBXBuildFile; fileRef = 407A5572130D67B700AC33F4 /* main.m */; };
		407A5576130D67B700AC33F4 /* ConvalotAppDelegate.m in Sources */ = {isa = PBXBuildFile; fileRef = 407A5575130D67B700AC33F4 /* ConvalotAppDelegate.m */; };
		407A5579130D67B800AC33F4 /* MainWindow.xib in Resources */ = {isa = PBXBuildFile; fileRef = 407A5577130D67B800AC33F4 /* MainWindow.xib */; };
		407A557C130D67B800AC33F4 /* DetailViewController.m in Sources */ = {isa = PBXBuildFile; fileRef = 407A557B130D67B800AC33F4 /* DetailViewController.m */; };
		407A557F130D67B800AC33F4 /* DetailView.xib in Resources */ = {isa = PBXBuildFile; fileRef = 407A557D130D67B800AC33F4 /* DetailView.xib */; };
		407A5582130D67B800AC33F4 /* ConvalotGroupsViewController.m in Sources */ = {isa = PBXBuildFile; fileRef = 407A5581130D67B800AC33F4 /* ConvalotGroupsViewController.m */; };
		407A5589130D67B800AC33F4 /* UIKit.framework in Frameworks */ = {isa = PBXBuildFile; fileRef = 407A5565130D67B700AC33F4 /* UIKit.framework */; };
		407A558A130D67B800AC33F4 /* Foundation.framework in Frameworks */ = {isa = PBXBuildFile; fileRef = 407A5567130D67B700AC33F4 /* Foundation.framework */; };
		407A558B130D67B800AC33F4 /* CoreGraphics.framework in Frameworks */ = {isa = PBXBuildFile; fileRef = 407A5569130D67B700AC33F4 /* CoreGraphics.framework */; };
		407A5593130D67B800AC33F4 /* InfoPlist.strings in Resources */ = {isa = PBXBuildFile; fileRef = 407A5591130D67B800AC33F4 /* InfoPlist.strings */; };
		407A5596130D67B800AC33F4 /* ConvalotTests.h in Resources */ = {isa = PBXBuildFile; fileRef = 407A5595130D67B800AC33F4 /* ConvalotTests.h */; };
		407A5598130D67B800AC33F4 /* ConvalotTests.m in Sources */ = {isa = PBXBuildFile; fileRef = 407A5597130D67B800AC33F4 /* ConvalotTests.m */; };
		407A55C9130D67E500AC33F4 /* ASIDataCompressor.m in Sources */ = {isa = PBXBuildFile; fileRef = 407A55A5130D67E500AC33F4 /* ASIDataCompressor.m */; };
		407A55CA130D67E500AC33F4 /* ASIDataDecompressor.m in Sources */ = {isa = PBXBuildFile; fileRef = 407A55A7130D67E500AC33F4 /* ASIDataDecompressor.m */; };
		407A55CB130D67E500AC33F4 /* ASIDownloadCache.m in Sources */ = {isa = PBXBuildFile; fileRef = 407A55A9130D67E500AC33F4 /* ASIDownloadCache.m */; };
		407A55CC130D67E500AC33F4 /* ASIFormDataRequest.m in Sources */ = {isa = PBXBuildFile; fileRef = 407A55AB130D67E500AC33F4 /* ASIFormDataRequest.m */; };
		407A55CD130D67E500AC33F4 /* ASIHTTPRequest.m in Sources */ = {isa = PBXBuildFile; fileRef = 407A55AD130D67E500AC33F4 /* ASIHTTPRequest.m */; };
		407A55CE130D67E500AC33F4 /* ASIInputStream.m in Sources */ = {isa = PBXBuildFile; fileRef = 407A55B1130D67E500AC33F4 /* ASIInputStream.m */; };
		407A55CF130D67E500AC33F4 /* ASINetworkQueue.m in Sources */ = {isa = PBXBuildFile; fileRef = 407A55B3130D67E500AC33F4 /* ASINetworkQueue.m */; };
		407A55D0130D67E500AC33F4 /* NSObject+JSON.m in Sources */ = {isa = PBXBuildFile; fileRef = 407A55B8130D67E500AC33F4 /* NSObject+JSON.m */; };
		407A55D1130D67E500AC33F4 /* SBJsonParser.m in Sources */ = {isa = PBXBuildFile; fileRef = 407A55BA130D67E500AC33F4 /* SBJsonParser.m */; };
		407A55D2130D67E500AC33F4 /* SBJsonStreamParser.m in Sources */ = {isa = PBXBuildFile; fileRef = 407A55BC130D67E500AC33F4 /* SBJsonStreamParser.m */; };
		407A55D3130D67E500AC33F4 /* SBJsonStreamParserAdapter.m in Sources */ = {isa = PBXBuildFile; fileRef = 407A55BE130D67E500AC33F4 /* SBJsonStreamParserAdapter.m */; };
		407A55D4130D67E500AC33F4 /* SBJsonStreamParserState.m in Sources */ = {isa = PBXBuildFile; fileRef = 407A55C0130D67E500AC33F4 /* SBJsonStreamParserState.m */; };
		407A55D5130D67E500AC33F4 /* SBJsonStreamWriter.m in Sources */ = {isa = PBXBuildFile; fileRef = 407A55C2130D67E500AC33F4 /* SBJsonStreamWriter.m */; };
		407A55D6130D67E500AC33F4 /* SBJsonStreamWriterState.m in Sources */ = {isa = PBXBuildFile; fileRef = 407A55C4130D67E500AC33F4 /* SBJsonStreamWriterState.m */; };
		407A55D7130D67E500AC33F4 /* SBJsonTokeniser.m in Sources */ = {isa = PBXBuildFile; fileRef = 407A55C6130D67E500AC33F4 /* SBJsonTokeniser.m */; };
		407A55D8130D67E500AC33F4 /* SBJsonWriter.m in Sources */ = {isa = PBXBuildFile; fileRef = 407A55C8130D67E500AC33F4 /* SBJsonWriter.m */; };
		407A55DB130D681100AC33F4 /* Reachability.m in Sources */ = {isa = PBXBuildFile; fileRef = 407A55DA130D681100AC33F4 /* Reachability.m */; };
		407A55DF130D684C00AC33F4 /* ASIAuthenticationDialog.m in Sources */ = {isa = PBXBuildFile; fileRef = 407A55DE130D684C00AC33F4 /* ASIAuthenticationDialog.m */; };
		407A55E1130D687B00AC33F4 /* CFNetwork.framework in Frameworks */ = {isa = PBXBuildFile; fileRef = 407A55E0130D687B00AC33F4 /* CFNetwork.framework */; };
		407A55E3130D688400AC33F4 /* SystemConfiguration.framework in Frameworks */ = {isa = PBXBuildFile; fileRef = 407A55E2130D688400AC33F4 /* SystemConfiguration.framework */; };
		407A55E5130D688A00AC33F4 /* MobileCoreServices.framework in Frameworks */ = {isa = PBXBuildFile; fileRef = 407A55E4130D688A00AC33F4 /* MobileCoreServices.framework */; };
		407A55E7130D688E00AC33F4 /* libz.dylib in Frameworks */ = {isa = PBXBuildFile; fileRef = 407A55E6130D688E00AC33F4 /* libz.dylib */; };
		40FB5A68130D886500BDFA0E /* MHConvoreClient.m in Sources */ = {isa = PBXBuildFile; fileRef = 40FB5A64130D886500BDFA0E /* MHConvoreClient.m */; };
		40FB5A69130D886500BDFA0E /* MHConvoreGroup.m in Sources */ = {isa = PBXBuildFile; fileRef = 40FB5A65130D886500BDFA0E /* MHConvoreGroup.m */; };
		40FB5A6A130D886500BDFA0E /* MHConvoreMessage.m in Sources */ = {isa = PBXBuildFile; fileRef = 40FB5A66130D886500BDFA0E /* MHConvoreMessage.m */; };
		40FB5A6B130D886500BDFA0E /* MHConvoreTopic.m in Sources */ = {isa = PBXBuildFile; fileRef = 40FB5A67130D886500BDFA0E /* MHConvoreTopic.m */; };
		40FB5A6D130D887F00BDFA0E /* MHConvoreUser.m in Sources */ = {isa = PBXBuildFile; fileRef = 40FB5A6C130D887F00BDFA0E /* MHConvoreUser.m */; };
		40FB5A77130D9D5200BDFA0E /* ConvalotClient.m in Sources */ = {isa = PBXBuildFile; fileRef = 40FB5A76130D9D5100BDFA0E /* ConvalotClient.m */; };
/* End PBXBuildFile section */

/* Begin PBXContainerItemProxy section */
		407A558C130D67B800AC33F4 /* PBXContainerItemProxy */ = {
			isa = PBXContainerItemProxy;
			containerPortal = 407A5558130D67B700AC33F4 /* Project object */;
			proxyType = 1;
			remoteGlobalIDString = 407A5560130D67B700AC33F4;
			remoteInfo = Convalot;
		};
/* End PBXContainerItemProxy section */

/* Begin PBXFileReference section */
		403F2EA3130DA80800211392 /* ConvalotTopicsViewController.h */ = {isa = PBXFileReference; fileEncoding = 4; lastKnownFileType = sourcecode.c.h; path = ConvalotTopicsViewController.h; sourceTree = "<group>"; };
		403F2EA4130DA80800211392 /* ConvalotTopicsViewController.m */ = {isa = PBXFileReference; fileEncoding = 4; lastKnownFileType = sourcecode.c.objc; path = ConvalotTopicsViewController.m; sourceTree = "<group>"; };
		407A5561130D67B700AC33F4 /* Convalot.app */ = {isa = PBXFileReference; explicitFileType = wrapper.application; includeInIndex = 0; path = Convalot.app; sourceTree = BUILT_PRODUCTS_DIR; };
		407A5565130D67B700AC33F4 /* UIKit.framework */ = {isa = PBXFileReference; lastKnownFileType = wrapper.framework; name = UIKit.framework; path = System/Library/Frameworks/UIKit.framework; sourceTree = SDKROOT; };
		407A5567130D67B700AC33F4 /* Foundation.framework */ = {isa = PBXFileReference; lastKnownFileType = wrapper.framework; name = Foundation.framework; path = System/Library/Frameworks/Foundation.framework; sourceTree = SDKROOT; };
		407A5569130D67B700AC33F4 /* CoreGraphics.framework */ = {isa = PBXFileReference; lastKnownFileType = wrapper.framework; name = CoreGraphics.framework; path = System/Library/Frameworks/CoreGraphics.framework; sourceTree = SDKROOT; };
		407A556D130D67B700AC33F4 /* Convalot-Info.plist */ = {isa = PBXFileReference; lastKnownFileType = text.plist.xml; path = "Convalot-Info.plist"; sourceTree = "<group>"; };
		407A556F130D67B700AC33F4 /* en */ = {isa = PBXFileReference; lastKnownFileType = text.plist.strings; name = en; path = en.lproj/InfoPlist.strings; sourceTree = "<group>"; };
		407A5571130D67B700AC33F4 /* Convalot-Prefix.pch */ = {isa = PBXFileReference; lastKnownFileType = sourcecode.c.h; path = "Convalot-Prefix.pch"; sourceTree = "<group>"; };
		407A5572130D67B700AC33F4 /* main.m */ = {isa = PBXFileReference; lastKnownFileType = sourcecode.c.objc; path = main.m; sourceTree = "<group>"; };
		407A5574130D67B700AC33F4 /* ConvalotAppDelegate.h */ = {isa = PBXFileReference; lastKnownFileType = sourcecode.c.h; path = ConvalotAppDelegate.h; sourceTree = "<group>"; };
		407A5575130D67B700AC33F4 /* ConvalotAppDelegate.m */ = {isa = PBXFileReference; lastKnownFileType = sourcecode.c.objc; path = ConvalotAppDelegate.m; sourceTree = "<group>"; };
		407A5578130D67B800AC33F4 /* en */ = {isa = PBXFileReference; lastKnownFileType = file.xib; name = en; path = en.lproj/MainWindow.xib; sourceTree = "<group>"; };
		407A557A130D67B800AC33F4 /* DetailViewController.h */ = {isa = PBXFileReference; lastKnownFileType = sourcecode.c.h; path = DetailViewController.h; sourceTree = "<group>"; };
		407A557B130D67B800AC33F4 /* DetailViewController.m */ = {isa = PBXFileReference; lastKnownFileType = sourcecode.c.objc; path = DetailViewController.m; sourceTree = "<group>"; };
		407A557E130D67B800AC33F4 /* en */ = {isa = PBXFileReference; lastKnownFileType = file.xib; name = en; path = en.lproj/DetailView.xib; sourceTree = "<group>"; };
		407A5580130D67B800AC33F4 /* ConvalotGroupsViewController.h */ = {isa = PBXFileReference; lastKnownFileType = sourcecode.c.h; path = ConvalotGroupsViewController.h; sourceTree = "<group>"; };
		407A5581130D67B800AC33F4 /* ConvalotGroupsViewController.m */ = {isa = PBXFileReference; lastKnownFileType = sourcecode.c.objc; path = ConvalotGroupsViewController.m; sourceTree = "<group>"; };
		407A5588130D67B800AC33F4 /* ConvalotTests.octest */ = {isa = PBXFileReference; explicitFileType = wrapper.cfbundle; includeInIndex = 0; path = ConvalotTests.octest; sourceTree = BUILT_PRODUCTS_DIR; };
		407A5590130D67B800AC33F4 /* ConvalotTests-Info.plist */ = {isa = PBXFileReference; lastKnownFileType = text.plist.xml; path = "ConvalotTests-Info.plist"; sourceTree = "<group>"; };
		407A5592130D67B800AC33F4 /* en */ = {isa = PBXFileReference; lastKnownFileType = text.plist.strings; name = en; path = en.lproj/InfoPlist.strings; sourceTree = "<group>"; };
		407A5594130D67B800AC33F4 /* ConvalotTests-Prefix.pch */ = {isa = PBXFileReference; lastKnownFileType = sourcecode.c.h; path = "ConvalotTests-Prefix.pch"; sourceTree = "<group>"; };
		407A5595130D67B800AC33F4 /* ConvalotTests.h */ = {isa = PBXFileReference; lastKnownFileType = sourcecode.c.h; path = ConvalotTests.h; sourceTree = "<group>"; };
		407A5597130D67B800AC33F4 /* ConvalotTests.m */ = {isa = PBXFileReference; lastKnownFileType = sourcecode.c.objc; path = ConvalotTests.m; sourceTree = "<group>"; };
		407A55A3130D67E500AC33F4 /* ASICacheDelegate.h */ = {isa = PBXFileReference; fileEncoding = 4; lastKnownFileType = sourcecode.c.h; path = ASICacheDelegate.h; sourceTree = "<group>"; };
		407A55A4130D67E500AC33F4 /* ASIDataCompressor.h */ = {isa = PBXFileReference; fileEncoding = 4; lastKnownFileType = sourcecode.c.h; path = ASIDataCompressor.h; sourceTree = "<group>"; };
		407A55A5130D67E500AC33F4 /* ASIDataCompressor.m */ = {isa = PBXFileReference; fileEncoding = 4; lastKnownFileType = sourcecode.c.objc; path = ASIDataCompressor.m; sourceTree = "<group>"; };
		407A55A6130D67E500AC33F4 /* ASIDataDecompressor.h */ = {isa = PBXFileReference; fileEncoding = 4; lastKnownFileType = sourcecode.c.h; path = ASIDataDecompressor.h; sourceTree = "<group>"; };
		407A55A7130D67E500AC33F4 /* ASIDataDecompressor.m */ = {isa = PBXFileReference; fileEncoding = 4; lastKnownFileType = sourcecode.c.objc; path = ASIDataDecompressor.m; sourceTree = "<group>"; };
		407A55A8130D67E500AC33F4 /* ASIDownloadCache.h */ = {isa = PBXFileReference; fileEncoding = 4; lastKnownFileType = sourcecode.c.h; path = ASIDownloadCache.h; sourceTree = "<group>"; };
		407A55A9130D67E500AC33F4 /* ASIDownloadCache.m */ = {isa = PBXFileReference; fileEncoding = 4; lastKnownFileType = sourcecode.c.objc; path = ASIDownloadCache.m; sourceTree = "<group>"; };
		407A55AA130D67E500AC33F4 /* ASIFormDataRequest.h */ = {isa = PBXFileReference; fileEncoding = 4; lastKnownFileType = sourcecode.c.h; path = ASIFormDataRequest.h; sourceTree = "<group>"; };
		407A55AB130D67E500AC33F4 /* ASIFormDataRequest.m */ = {isa = PBXFileReference; fileEncoding = 4; lastKnownFileType = sourcecode.c.objc; path = ASIFormDataRequest.m; sourceTree = "<group>"; };
		407A55AC130D67E500AC33F4 /* ASIHTTPRequest.h */ = {isa = PBXFileReference; fileEncoding = 4; lastKnownFileType = sourcecode.c.h; path = ASIHTTPRequest.h; sourceTree = "<group>"; };
		407A55AD130D67E500AC33F4 /* ASIHTTPRequest.m */ = {isa = PBXFileReference; fileEncoding = 4; lastKnownFileType = sourcecode.c.objc; path = ASIHTTPRequest.m; sourceTree = "<group>"; };
		407A55AE130D67E500AC33F4 /* ASIHTTPRequestConfig.h */ = {isa = PBXFileReference; fileEncoding = 4; lastKnownFileType = sourcecode.c.h; path = ASIHTTPRequestConfig.h; sourceTree = "<group>"; };
		407A55AF130D67E500AC33F4 /* ASIHTTPRequestDelegate.h */ = {isa = PBXFileReference; fileEncoding = 4; lastKnownFileType = sourcecode.c.h; path = ASIHTTPRequestDelegate.h; sourceTree = "<group>"; };
		407A55B0130D67E500AC33F4 /* ASIInputStream.h */ = {isa = PBXFileReference; fileEncoding = 4; lastKnownFileType = sourcecode.c.h; path = ASIInputStream.h; sourceTree = "<group>"; };
		407A55B1130D67E500AC33F4 /* ASIInputStream.m */ = {isa = PBXFileReference; fileEncoding = 4; lastKnownFileType = sourcecode.c.objc; path = ASIInputStream.m; sourceTree = "<group>"; };
		407A55B2130D67E500AC33F4 /* ASINetworkQueue.h */ = {isa = PBXFileReference; fileEncoding = 4; lastKnownFileType = sourcecode.c.h; path = ASINetworkQueue.h; sourceTree = "<group>"; };
		407A55B3130D67E500AC33F4 /* ASINetworkQueue.m */ = {isa = PBXFileReference; fileEncoding = 4; lastKnownFileType = sourcecode.c.objc; path = ASINetworkQueue.m; sourceTree = "<group>"; };
		407A55B4130D67E500AC33F4 /* ASIProgressDelegate.h */ = {isa = PBXFileReference; fileEncoding = 4; lastKnownFileType = sourcecode.c.h; path = ASIProgressDelegate.h; sourceTree = "<group>"; };
		407A55B6130D67E500AC33F4 /* JSON.h */ = {isa = PBXFileReference; fileEncoding = 4; lastKnownFileType = sourcecode.c.h; path = JSON.h; sourceTree = "<group>"; };
		407A55B7130D67E500AC33F4 /* NSObject+JSON.h */ = {isa = PBXFileReference; fileEncoding = 4; lastKnownFileType = sourcecode.c.h; path = "NSObject+JSON.h"; sourceTree = "<group>"; };
		407A55B8130D67E500AC33F4 /* NSObject+JSON.m */ = {isa = PBXFileReference; fileEncoding = 4; lastKnownFileType = sourcecode.c.objc; path = "NSObject+JSON.m"; sourceTree = "<group>"; };
		407A55B9130D67E500AC33F4 /* SBJsonParser.h */ = {isa = PBXFileReference; fileEncoding = 4; lastKnownFileType = sourcecode.c.h; path = SBJsonParser.h; sourceTree = "<group>"; };
		407A55BA130D67E500AC33F4 /* SBJsonParser.m */ = {isa = PBXFileReference; fileEncoding = 4; lastKnownFileType = sourcecode.c.objc; path = SBJsonParser.m; sourceTree = "<group>"; };
		407A55BB130D67E500AC33F4 /* SBJsonStreamParser.h */ = {isa = PBXFileReference; fileEncoding = 4; lastKnownFileType = sourcecode.c.h; path = SBJsonStreamParser.h; sourceTree = "<group>"; };
		407A55BC130D67E500AC33F4 /* SBJsonStreamParser.m */ = {isa = PBXFileReference; fileEncoding = 4; lastKnownFileType = sourcecode.c.objc; path = SBJsonStreamParser.m; sourceTree = "<group>"; };
		407A55BD130D67E500AC33F4 /* SBJsonStreamParserAdapter.h */ = {isa = PBXFileReference; fileEncoding = 4; lastKnownFileType = sourcecode.c.h; path = SBJsonStreamParserAdapter.h; sourceTree = "<group>"; };
		407A55BE130D67E500AC33F4 /* SBJsonStreamParserAdapter.m */ = {isa = PBXFileReference; fileEncoding = 4; lastKnownFileType = sourcecode.c.objc; path = SBJsonStreamParserAdapter.m; sourceTree = "<group>"; };
		407A55BF130D67E500AC33F4 /* SBJsonStreamParserState.h */ = {isa = PBXFileReference; fileEncoding = 4; lastKnownFileType = sourcecode.c.h; path = SBJsonStreamParserState.h; sourceTree = "<group>"; };
		407A55C0130D67E500AC33F4 /* SBJsonStreamParserState.m */ = {isa = PBXFileReference; fileEncoding = 4; lastKnownFileType = sourcecode.c.objc; path = SBJsonStreamParserState.m; sourceTree = "<group>"; };
		407A55C1130D67E500AC33F4 /* SBJsonStreamWriter.h */ = {isa = PBXFileReference; fileEncoding = 4; lastKnownFileType = sourcecode.c.h; path = SBJsonStreamWriter.h; sourceTree = "<group>"; };
		407A55C2130D67E500AC33F4 /* SBJsonStreamWriter.m */ = {isa = PBXFileReference; fileEncoding = 4; lastKnownFileType = sourcecode.c.objc; path = SBJsonStreamWriter.m; sourceTree = "<group>"; };
		407A55C3130D67E500AC33F4 /* SBJsonStreamWriterState.h */ = {isa = PBXFileReference; fileEncoding = 4; lastKnownFileType = sourcecode.c.h; path = SBJsonStreamWriterState.h; sourceTree = "<group>"; };
		407A55C4130D67E500AC33F4 /* SBJsonStreamWriterState.m */ = {isa = PBXFileReference; fileEncoding = 4; lastKnownFileType = sourcecode.c.objc; path = SBJsonStreamWriterState.m; sourceTree = "<group>"; };
		407A55C5130D67E500AC33F4 /* SBJsonTokeniser.h */ = {isa = PBXFileReference; fileEncoding = 4; lastKnownFileType = sourcecode.c.h; path = SBJsonTokeniser.h; sourceTree = "<group>"; };
		407A55C6130D67E500AC33F4 /* SBJsonTokeniser.m */ = {isa = PBXFileReference; fileEncoding = 4; lastKnownFileType = sourcecode.c.objc; path = SBJsonTokeniser.m; sourceTree = "<group>"; };
		407A55C7130D67E500AC33F4 /* SBJsonWriter.h */ = {isa = PBXFileReference; fileEncoding = 4; lastKnownFileType = sourcecode.c.h; path = SBJsonWriter.h; sourceTree = "<group>"; };
		407A55C8130D67E500AC33F4 /* SBJsonWriter.m */ = {isa = PBXFileReference; fileEncoding = 4; lastKnownFileType = sourcecode.c.objc; path = SBJsonWriter.m; sourceTree = "<group>"; };
		407A55D9130D681100AC33F4 /* Reachability.h */ = {isa = PBXFileReference; fileEncoding = 4; lastKnownFileType = sourcecode.c.h; name = Reachability.h; path = Reachability/Reachability.h; sourceTree = "<group>"; };
		407A55DA130D681100AC33F4 /* Reachability.m */ = {isa = PBXFileReference; fileEncoding = 4; lastKnownFileType = sourcecode.c.objc; name = Reachability.m; path = Reachability/Reachability.m; sourceTree = "<group>"; };
		407A55DD130D684C00AC33F4 /* ASIAuthenticationDialog.h */ = {isa = PBXFileReference; fileEncoding = 4; lastKnownFileType = sourcecode.c.h; path = ASIAuthenticationDialog.h; sourceTree = "<group>"; };
		407A55DE130D684C00AC33F4 /* ASIAuthenticationDialog.m */ = {isa = PBXFileReference; fileEncoding = 4; lastKnownFileType = sourcecode.c.objc; path = ASIAuthenticationDialog.m; sourceTree = "<group>"; };
		407A55E0130D687B00AC33F4 /* CFNetwork.framework */ = {isa = PBXFileReference; lastKnownFileType = wrapper.framework; name = CFNetwork.framework; path = System/Library/Frameworks/CFNetwork.framework; sourceTree = SDKROOT; };
		407A55E2130D688400AC33F4 /* SystemConfiguration.framework */ = {isa = PBXFileReference; lastKnownFileType = wrapper.framework; name = SystemConfiguration.framework; path = System/Library/Frameworks/SystemConfiguration.framework; sourceTree = SDKROOT; };
		407A55E4130D688A00AC33F4 /* MobileCoreServices.framework */ = {isa = PBXFileReference; lastKnownFileType = wrapper.framework; name = MobileCoreServices.framework; path = System/Library/Frameworks/MobileCoreServices.framework; sourceTree = SDKROOT; };
		407A55E6130D688E00AC33F4 /* libz.dylib */ = {isa = PBXFileReference; lastKnownFileType = "compiled.mach-o.dylib"; name = libz.dylib; path = usr/lib/libz.dylib; sourceTree = SDKROOT; };
		40FB5A5E130D87EB00BDFA0E /* MHConvoreClient.h */ = {isa = PBXFileReference; fileEncoding = 4; lastKnownFileType = sourcecode.c.h; path = MHConvoreClient.h; sourceTree = "<group>"; };
		40FB5A5F130D87EB00BDFA0E /* MHConvoreGroup.h */ = {isa = PBXFileReference; fileEncoding = 4; lastKnownFileType = sourcecode.c.h; path = MHConvoreGroup.h; sourceTree = "<group>"; };
		40FB5A60130D87EB00BDFA0E /* MHConvoreMessage.h */ = {isa = PBXFileReference; fileEncoding = 4; lastKnownFileType = sourcecode.c.h; path = MHConvoreMessage.h; sourceTree = "<group>"; };
		40FB5A61130D87EB00BDFA0E /* MHConvoreTopic.h */ = {isa = PBXFileReference; fileEncoding = 4; lastKnownFileType = sourcecode.c.h; path = MHConvoreTopic.h; sourceTree = "<group>"; };
		40FB5A62130D87EB00BDFA0E /* MHConvoreUser.h */ = {isa = PBXFileReference; fileEncoding = 4; lastKnownFileType = sourcecode.c.h; path = MHConvoreUser.h; sourceTree = "<group>"; };
		40FB5A64130D886500BDFA0E /* MHConvoreClient.m */ = {isa = PBXFileReference; fileEncoding = 4; lastKnownFileType = sourcecode.c.objc; path = MHConvoreClient.m; sourceTree = "<group>"; };
		40FB5A65130D886500BDFA0E /* MHConvoreGroup.m */ = {isa = PBXFileReference; fileEncoding = 4; lastKnownFileType = sourcecode.c.objc; path = MHConvoreGroup.m; sourceTree = "<group>"; };
		40FB5A66130D886500BDFA0E /* MHConvoreMessage.m */ = {isa = PBXFileReference; fileEncoding = 4; lastKnownFileType = sourcecode.c.objc; path = MHConvoreMessage.m; sourceTree = "<group>"; };
		40FB5A67130D886500BDFA0E /* MHConvoreTopic.m */ = {isa = PBXFileReference; fileEncoding = 4; lastKnownFileType = sourcecode.c.objc; path = MHConvoreTopic.m; sourceTree = "<group>"; };
		40FB5A6C130D887F00BDFA0E /* MHConvoreUser.m */ = {isa = PBXFileReference; fileEncoding = 4; lastKnownFileType = sourcecode.c.objc; path = MHConvoreUser.m; sourceTree = "<group>"; };
		40FB5A75130D9D5100BDFA0E /* ConvalotClient.h */ = {isa = PBXFileReference; fileEncoding = 4; lastKnownFileType = sourcecode.c.h; path = ConvalotClient.h; sourceTree = "<group>"; };
		40FB5A76130D9D5100BDFA0E /* ConvalotClient.m */ = {isa = PBXFileReference; fileEncoding = 4; lastKnownFileType = sourcecode.c.objc; path = ConvalotClient.m; sourceTree = "<group>"; };
/* End PBXFileReference section */

/* Begin PBXFrameworksBuildPhase section */
		407A555E130D67B700AC33F4 /* Frameworks */ = {
			isa = PBXFrameworksBuildPhase;
			buildActionMask = 2147483647;
			files = (
				407A55E7130D688E00AC33F4 /* libz.dylib in Frameworks */,
				407A55E5130D688A00AC33F4 /* MobileCoreServices.framework in Frameworks */,
				407A55E3130D688400AC33F4 /* SystemConfiguration.framework in Frameworks */,
				407A55E1130D687B00AC33F4 /* CFNetwork.framework in Frameworks */,
				407A5566130D67B700AC33F4 /* UIKit.framework in Frameworks */,
				407A5568130D67B700AC33F4 /* Foundation.framework in Frameworks */,
				407A556A130D67B700AC33F4 /* CoreGraphics.framework in Frameworks */,
			);
			runOnlyForDeploymentPostprocessing = 0;
		};
		407A5584130D67B800AC33F4 /* Frameworks */ = {
			isa = PBXFrameworksBuildPhase;
			buildActionMask = 2147483647;
			files = (
				407A5589130D67B800AC33F4 /* UIKit.framework in Frameworks */,
				407A558A130D67B800AC33F4 /* Foundation.framework in Frameworks */,
				407A558B130D67B800AC33F4 /* CoreGraphics.framework in Frameworks */,
			);
			runOnlyForDeploymentPostprocessing = 0;
		};
/* End PBXFrameworksBuildPhase section */

/* Begin PBXGroup section */
		407A5556130D67B700AC33F4 = {
			isa = PBXGroup;
			children = (
				407A556B130D67B700AC33F4 /* Convalot */,
				407A558E130D67B800AC33F4 /* ConvalotTests */,
				407A55A1130D67E500AC33F4 /* External */,
				407A5564130D67B700AC33F4 /* Frameworks */,
				407A5562130D67B700AC33F4 /* Products */,
			);
			sourceTree = "<group>";
		};
		407A5562130D67B700AC33F4 /* Products */ = {
			isa = PBXGroup;
			children = (
				407A5561130D67B700AC33F4 /* Convalot.app */,
				407A5588130D67B800AC33F4 /* ConvalotTests.octest */,
			);
			name = Products;
			sourceTree = "<group>";
		};
		407A5564130D67B700AC33F4 /* Frameworks */ = {
			isa = PBXGroup;
			children = (
				407A55E6130D688E00AC33F4 /* libz.dylib */,
				407A55E4130D688A00AC33F4 /* MobileCoreServices.framework */,
				407A55E2130D688400AC33F4 /* SystemConfiguration.framework */,
				407A55E0130D687B00AC33F4 /* CFNetwork.framework */,
				407A5565130D67B700AC33F4 /* UIKit.framework */,
				407A5567130D67B700AC33F4 /* Foundation.framework */,
				407A5569130D67B700AC33F4 /* CoreGraphics.framework */,
			);
			name = Frameworks;
			sourceTree = "<group>";
		};
		407A556B130D67B700AC33F4 /* Convalot */ = {
			isa = PBXGroup;
			children = (
				40FB5A75130D9D5100BDFA0E /* ConvalotClient.h */,
				40FB5A76130D9D5100BDFA0E /* ConvalotClient.m */,
				407A5574130D67B700AC33F4 /* ConvalotAppDelegate.h */,
				407A5575130D67B700AC33F4 /* ConvalotAppDelegate.m */,
				407A5577130D67B800AC33F4 /* MainWindow.xib */,
				407A557A130D67B800AC33F4 /* DetailViewController.h */,
				407A557B130D67B800AC33F4 /* DetailViewController.m */,
				407A557D130D67B800AC33F4 /* DetailView.xib */,
				407A5580130D67B800AC33F4 /* ConvalotGroupsViewController.h */,
				407A5581130D67B800AC33F4 /* ConvalotGroupsViewController.m */,
				407A556C130D67B700AC33F4 /* Supporting Files */,
				403F2EA3130DA80800211392 /* ConvalotTopicsViewController.h */,
				403F2EA4130DA80800211392 /* ConvalotTopicsViewController.m */,
			);
			path = Convalot;
			sourceTree = "<group>";
		};
		407A556C130D67B700AC33F4 /* Supporting Files */ = {
			isa = PBXGroup;
			children = (
				407A556D130D67B700AC33F4 /* Convalot-Info.plist */,
				407A556E130D67B700AC33F4 /* InfoPlist.strings */,
				407A5571130D67B700AC33F4 /* Convalot-Prefix.pch */,
				407A5572130D67B700AC33F4 /* main.m */,
			);
			name = "Supporting Files";
			sourceTree = "<group>";
		};
		407A558E130D67B800AC33F4 /* ConvalotTests */ = {
			isa = PBXGroup;
			children = (
				407A5595130D67B800AC33F4 /* ConvalotTests.h */,
				407A5597130D67B800AC33F4 /* ConvalotTests.m */,
				407A558F130D67B800AC33F4 /* Supporting Files */,
			);
			path = ConvalotTests;
			sourceTree = "<group>";
		};
		407A558F130D67B800AC33F4 /* Supporting Files */ = {
			isa = PBXGroup;
			children = (
				407A5590130D67B800AC33F4 /* ConvalotTests-Info.plist */,
				407A5591130D67B800AC33F4 /* InfoPlist.strings */,
				407A5594130D67B800AC33F4 /* ConvalotTests-Prefix.pch */,
			);
			name = "Supporting Files";
			sourceTree = "<group>";
		};
		407A55A1130D67E500AC33F4 /* External */ = {
			isa = PBXGroup;
			children = (
				40FB5A5D130D87EB00BDFA0E /* MHConvore */,
				407A55DC130D681D00AC33F4 /* Reachability */,
				407A55A2130D67E500AC33F4 /* ASIHTTPRequest */,
				407A55B5130D67E500AC33F4 /* JSON */,
			);
			path = External;
			sourceTree = "<group>";
		};
		407A55A2130D67E500AC33F4 /* ASIHTTPRequest */ = {
			isa = PBXGroup;
			children = (
				407A55DD130D684C00AC33F4 /* ASIAuthenticationDialog.h */,
				407A55DE130D684C00AC33F4 /* ASIAuthenticationDialog.m */,
				407A55A3130D67E500AC33F4 /* ASICacheDelegate.h */,
				407A55A4130D67E500AC33F4 /* ASIDataCompressor.h */,
				407A55A5130D67E500AC33F4 /* ASIDataCompressor.m */,
				407A55A6130D67E500AC33F4 /* ASIDataDecompressor.h */,
				407A55A7130D67E500AC33F4 /* ASIDataDecompressor.m */,
				407A55A8130D67E500AC33F4 /* ASIDownloadCache.h */,
				407A55A9130D67E500AC33F4 /* ASIDownloadCache.m */,
				407A55AA130D67E500AC33F4 /* ASIFormDataRequest.h */,
				407A55AB130D67E500AC33F4 /* ASIFormDataRequest.m */,
				407A55AC130D67E500AC33F4 /* ASIHTTPRequest.h */,
				407A55AD130D67E500AC33F4 /* ASIHTTPRequest.m */,
				407A55AE130D67E500AC33F4 /* ASIHTTPRequestConfig.h */,
				407A55AF130D67E500AC33F4 /* ASIHTTPRequestDelegate.h */,
				407A55B0130D67E500AC33F4 /* ASIInputStream.h */,
				407A55B1130D67E500AC33F4 /* ASIInputStream.m */,
				407A55B2130D67E500AC33F4 /* ASINetworkQueue.h */,
				407A55B3130D67E500AC33F4 /* ASINetworkQueue.m */,
				407A55B4130D67E500AC33F4 /* ASIProgressDelegate.h */,
			);
			path = ASIHTTPRequest;
			sourceTree = "<group>";
		};
		407A55B5130D67E500AC33F4 /* JSON */ = {
			isa = PBXGroup;
			children = (
				407A55B6130D67E500AC33F4 /* JSON.h */,
				407A55B7130D67E500AC33F4 /* NSObject+JSON.h */,
				407A55B8130D67E500AC33F4 /* NSObject+JSON.m */,
				407A55B9130D67E500AC33F4 /* SBJsonParser.h */,
				407A55BA130D67E500AC33F4 /* SBJsonParser.m */,
				407A55BB130D67E500AC33F4 /* SBJsonStreamParser.h */,
				407A55BC130D67E500AC33F4 /* SBJsonStreamParser.m */,
				407A55BD130D67E500AC33F4 /* SBJsonStreamParserAdapter.h */,
				407A55BE130D67E500AC33F4 /* SBJsonStreamParserAdapter.m */,
				407A55BF130D67E500AC33F4 /* SBJsonStreamParserState.h */,
				407A55C0130D67E500AC33F4 /* SBJsonStreamParserState.m */,
				407A55C1130D67E500AC33F4 /* SBJsonStreamWriter.h */,
				407A55C2130D67E500AC33F4 /* SBJsonStreamWriter.m */,
				407A55C3130D67E500AC33F4 /* SBJsonStreamWriterState.h */,
				407A55C4130D67E500AC33F4 /* SBJsonStreamWriterState.m */,
				407A55C5130D67E500AC33F4 /* SBJsonTokeniser.h */,
				407A55C6130D67E500AC33F4 /* SBJsonTokeniser.m */,
				407A55C7130D67E500AC33F4 /* SBJsonWriter.h */,
				407A55C8130D67E500AC33F4 /* SBJsonWriter.m */,
			);
			path = JSON;
			sourceTree = "<group>";
		};
		407A55DC130D681D00AC33F4 /* Reachability */ = {
			isa = PBXGroup;
			children = (
				407A55D9130D681100AC33F4 /* Reachability.h */,
				407A55DA130D681100AC33F4 /* Reachability.m */,
			);
			name = Reachability;
			sourceTree = "<group>";
		};
		40FB5A5D130D87EB00BDFA0E /* MHConvore */ = {
			isa = PBXGroup;
			children = (
				40FB5A5E130D87EB00BDFA0E /* MHConvoreClient.h */,
				40FB5A64130D886500BDFA0E /* MHConvoreClient.m */,
				40FB5A5F130D87EB00BDFA0E /* MHConvoreGroup.h */,
				40FB5A65130D886500BDFA0E /* MHConvoreGroup.m */,
				40FB5A60130D87EB00BDFA0E /* MHConvoreMessage.h */,
				40FB5A66130D886500BDFA0E /* MHConvoreMessage.m */,
				40FB5A61130D87EB00BDFA0E /* MHConvoreTopic.h */,
				40FB5A67130D886500BDFA0E /* MHConvoreTopic.m */,
				40FB5A62130D87EB00BDFA0E /* MHConvoreUser.h */,
				40FB5A6C130D887F00BDFA0E /* MHConvoreUser.m */,
			);
			path = MHConvore;
			sourceTree = "<group>";
		};
/* End PBXGroup section */

/* Begin PBXNativeTarget section */
		407A5560130D67B700AC33F4 /* Convalot */ = {
			isa = PBXNativeTarget;
			buildConfigurationList = 407A559B130D67B800AC33F4 /* Build configuration list for PBXNativeTarget "Convalot" */;
			buildPhases = (
				407A555D130D67B700AC33F4 /* Sources */,
				407A555E130D67B700AC33F4 /* Frameworks */,
				407A555F130D67B700AC33F4 /* Resources */,
			);
			buildRules = (
			);
			dependencies = (
			);
			name = Convalot;
			productName = Convalot;
			productReference = 407A5561130D67B700AC33F4 /* Convalot.app */;
			productType = "com.apple.product-type.application";
		};
		407A5587130D67B800AC33F4 /* ConvalotTests */ = {
			isa = PBXNativeTarget;
			buildConfigurationList = 407A559E130D67B800AC33F4 /* Build configuration list for PBXNativeTarget "ConvalotTests" */;
			buildPhases = (
				407A5583130D67B800AC33F4 /* Sources */,
				407A5584130D67B800AC33F4 /* Frameworks */,
				407A5585130D67B800AC33F4 /* Resources */,
				407A5586130D67B800AC33F4 /* ShellScript */,
			);
			buildRules = (
			);
			dependencies = (
				407A558D130D67B800AC33F4 /* PBXTargetDependency */,
			);
			name = ConvalotTests;
			productName = ConvalotTests;
			productReference = 407A5588130D67B800AC33F4 /* ConvalotTests.octest */;
			productType = "com.apple.product-type.bundle";
		};
/* End PBXNativeTarget section */

/* Begin PBXProject section */
		407A5558130D67B700AC33F4 /* Project object */ = {
			isa = PBXProject;
			attributes = {
				ORGANIZATIONNAME = "Mikael Hallendal";
			};
			buildConfigurationList = 407A555B130D67B700AC33F4 /* Build configuration list for PBXProject "Convalot" */;
			compatibilityVersion = "Xcode 3.2";
			developmentRegion = English;
			hasScannedForEncodings = 0;
			knownRegions = (
				en,
			);
			mainGroup = 407A5556130D67B700AC33F4;
			productRefGroup = 407A5562130D67B700AC33F4 /* Products */;
			projectDirPath = "";
			projectRoot = "";
			targets = (
				407A5560130D67B700AC33F4 /* Convalot */,
				407A5587130D67B800AC33F4 /* ConvalotTests */,
			);
		};
/* End PBXProject section */

/* Begin PBXResourcesBuildPhase section */
		407A555F130D67B700AC33F4 /* Resources */ = {
			isa = PBXResourcesBuildPhase;
			buildActionMask = 2147483647;
			files = (
				407A5570130D67B700AC33F4 /* InfoPlist.strings in Resources */,
				407A5579130D67B800AC33F4 /* MainWindow.xib in Resources */,
				407A557F130D67B800AC33F4 /* DetailView.xib in Resources */,
			);
			runOnlyForDeploymentPostprocessing = 0;
		};
		407A5585130D67B800AC33F4 /* Resources */ = {
			isa = PBXResourcesBuildPhase;
			buildActionMask = 2147483647;
			files = (
				407A5593130D67B800AC33F4 /* InfoPlist.strings in Resources */,
				407A5596130D67B800AC33F4 /* ConvalotTests.h in Resources */,
			);
			runOnlyForDeploymentPostprocessing = 0;
		};
/* End PBXResourcesBuildPhase section */

/* Begin PBXShellScriptBuildPhase section */
		407A5586130D67B800AC33F4 /* ShellScript */ = {
			isa = PBXShellScriptBuildPhase;
			buildActionMask = 2147483647;
			files = (
			);
			inputPaths = (
			);
			outputPaths = (
			);
			runOnlyForDeploymentPostprocessing = 0;
			shellPath = /bin/sh;
			shellScript = "# Run the unit tests in this test bundle.\n\"${SYSTEM_DEVELOPER_DIR}/Tools/RunUnitTests\"\n";
		};
/* End PBXShellScriptBuildPhase section */

/* Begin PBXSourcesBuildPhase section */
		407A555D130D67B700AC33F4 /* Sources */ = {
			isa = PBXSourcesBuildPhase;
			buildActionMask = 2147483647;
			files = (
				407A5573130D67B700AC33F4 /* main.m in Sources */,
				407A5576130D67B700AC33F4 /* ConvalotAppDelegate.m in Sources */,
				407A557C130D67B800AC33F4 /* DetailViewController.m in Sources */,
				407A5582130D67B800AC33F4 /* ConvalotGroupsViewController.m in Sources */,
				407A55C9130D67E500AC33F4 /* ASIDataCompressor.m in Sources */,
				407A55CA130D67E500AC33F4 /* ASIDataDecompressor.m in Sources */,
				407A55CB130D67E500AC33F4 /* ASIDownloadCache.m in Sources */,
				407A55CC130D67E500AC33F4 /* ASIFormDataRequest.m in Sources */,
				407A55CD130D67E500AC33F4 /* ASIHTTPRequest.m in Sources */,
				407A55CE130D67E500AC33F4 /* ASIInputStream.m in Sources */,
				407A55CF130D67E500AC33F4 /* ASINetworkQueue.m in Sources */,
				407A55D0130D67E500AC33F4 /* NSObject+JSON.m in Sources */,
				407A55D1130D67E500AC33F4 /* SBJsonParser.m in Sources */,
				407A55D2130D67E500AC33F4 /* SBJsonStreamParser.m in Sources */,
				407A55D3130D67E500AC33F4 /* SBJsonStreamParserAdapter.m in Sources */,
				407A55D4130D67E500AC33F4 /* SBJsonStreamParserState.m in Sources */,
				407A55D5130D67E500AC33F4 /* SBJsonStreamWriter.m in Sources */,
				407A55D6130D67E500AC33F4 /* SBJsonStreamWriterState.m in Sources */,
				407A55D7130D67E500AC33F4 /* SBJsonTokeniser.m in Sources */,
				407A55D8130D67E500AC33F4 /* SBJsonWriter.m in Sources */,
				407A55DB130D681100AC33F4 /* Reachability.m in Sources */,
				407A55DF130D684C00AC33F4 /* ASIAuthenticationDialog.m in Sources */,
				40FB5A68130D886500BDFA0E /* MHConvoreClient.m in Sources */,
				40FB5A69130D886500BDFA0E /* MHConvoreGroup.m in Sources */,
				40FB5A6A130D886500BDFA0E /* MHConvoreMessage.m in Sources */,
				40FB5A6B130D886500BDFA0E /* MHConvoreTopic.m in Sources */,
				40FB5A6D130D887F00BDFA0E /* MHConvoreUser.m in Sources */,
				40FB5A77130D9D5200BDFA0E /* ConvalotClient.m in Sources */,
				403F2EA5130DA80800211392 /* ConvalotTopicsViewController.m in Sources */,
			);
			runOnlyForDeploymentPostprocessing = 0;
		};
		407A5583130D67B800AC33F4 /* Sources */ = {
			isa = PBXSourcesBuildPhase;
			buildActionMask = 2147483647;
			files = (
				407A5598130D67B800AC33F4 /* ConvalotTests.m in Sources */,
			);
			runOnlyForDeploymentPostprocessing = 0;
		};
/* End PBXSourcesBuildPhase section */

/* Begin PBXTargetDependency section */
		407A558D130D67B800AC33F4 /* PBXTargetDependency */ = {
			isa = PBXTargetDependency;
			target = 407A5560130D67B700AC33F4 /* Convalot */;
			targetProxy = 407A558C130D67B800AC33F4 /* PBXContainerItemProxy */;
		};
/* End PBXTargetDependency section */

/* Begin PBXVariantGroup section */
		407A556E130D67B700AC33F4 /* InfoPlist.strings */ = {
			isa = PBXVariantGroup;
			children = (
				407A556F130D67B700AC33F4 /* en */,
			);
			name = InfoPlist.strings;
			sourceTree = "<group>";
		};
		407A5577130D67B800AC33F4 /* MainWindow.xib */ = {
			isa = PBXVariantGroup;
			children = (
				407A5578130D67B800AC33F4 /* en */,
			);
			name = MainWindow.xib;
			sourceTree = "<group>";
		};
		407A557D130D67B800AC33F4 /* DetailView.xib */ = {
			isa = PBXVariantGroup;
			children = (
				407A557E130D67B800AC33F4 /* en */,
			);
			name = DetailView.xib;
			sourceTree = "<group>";
		};
		407A5591130D67B800AC33F4 /* InfoPlist.strings */ = {
			isa = PBXVariantGroup;
			children = (
				407A5592130D67B800AC33F4 /* en */,
			);
			name = InfoPlist.strings;
			sourceTree = "<group>";
		};
/* End PBXVariantGroup section */

/* Begin XCBuildConfiguration section */
		407A5599130D67B800AC33F4 /* Debug */ = {
			isa = XCBuildConfiguration;
			buildSettings = {
				ARCHS = "$(ARCHS_UNIVERSAL_IPHONE_OS)";
				"CODE_SIGN_IDENTITY[sdk=iphoneos*]" = "iPhone Developer";
				GCC_C_LANGUAGE_STANDARD = gnu99;
				GCC_OPTIMIZATION_LEVEL = 0;
				GCC_PREPROCESSOR_DEFINITIONS = DEBUG;
				GCC_VERSION = com.apple.compilers.llvm.clang.1_0;
				GCC_WARN_ABOUT_RETURN_TYPE = YES;
				GCC_WARN_UNUSED_VARIABLE = YES;
				IPHONEOS_DEPLOYMENT_TARGET = 4.2;
				SDKROOT = iphoneos;
				TARGETED_DEVICE_FAMILY = 2;
			};
			name = Debug;
		};
		407A559A130D67B800AC33F4 /* Release */ = {
			isa = XCBuildConfiguration;
			buildSettings = {
				ARCHS = "$(ARCHS_UNIVERSAL_IPHONE_OS)";
				"CODE_SIGN_IDENTITY[sdk=iphoneos*]" = "iPhone Developer";
				GCC_C_LANGUAGE_STANDARD = gnu99;
				GCC_VERSION = com.apple.compilers.llvm.clang.1_0;
				GCC_WARN_ABOUT_RETURN_TYPE = YES;
				GCC_WARN_UNUSED_VARIABLE = YES;
				IPHONEOS_DEPLOYMENT_TARGET = 4.2;
				OTHER_CFLAGS = "-DNS_BLOCK_ASSERTIONS=1";
				SDKROOT = iphoneos;
				TARGETED_DEVICE_FAMILY = 2;
			};
			name = Release;
		};
		407A559C130D67B800AC33F4 /* Debug */ = {
			isa = XCBuildConfiguration;
			buildSettings = {
				ALWAYS_SEARCH_USER_PATHS = NO;
				COPY_PHASE_STRIP = NO;
				GCC_DYNAMIC_NO_PIC = NO;
				GCC_PRECOMPILE_PREFIX_HEADER = YES;
				GCC_PREFIX_HEADER = "Convalot/Convalot-Prefix.pch";
				INFOPLIST_FILE = "Convalot/Convalot-Info.plist";
				INSTALL_PATH = "$(LOCAL_APPS_DIR)";
				PRODUCT_NAME = "$(TARGET_NAME)";
				WRAPPER_EXTENSION = app;
			};
			name = Debug;
		};
		407A559D130D67B800AC33F4 /* Release */ = {
			isa = XCBuildConfiguration;
			buildSettings = {
				ALWAYS_SEARCH_USER_PATHS = NO;
				COPY_PHASE_STRIP = YES;
				GCC_PRECOMPILE_PREFIX_HEADER = YES;
				GCC_PREFIX_HEADER = "Convalot/Convalot-Prefix.pch";
				INFOPLIST_FILE = "Convalot/Convalot-Info.plist";
				INSTALL_PATH = "$(LOCAL_APPS_DIR)";
				PRODUCT_NAME = "$(TARGET_NAME)";
				VALIDATE_PRODUCT = YES;
				WRAPPER_EXTENSION = app;
			};
			name = Release;
		};
		407A559F130D67B800AC33F4 /* Debug */ = {
			isa = XCBuildConfiguration;
			buildSettings = {
				ALWAYS_SEARCH_USER_PATHS = NO;
				ARCHS = "$(ARCHS_STANDARD_32_BIT)";
				BUNDLE_LOADER = "$(BUILT_PRODUCTS_DIR)/Convalot.app/Convalot";
				FRAMEWORK_SEARCH_PATHS = (
					"$(SDKROOT)/Developer/Library/Frameworks",
					"$(DEVELOPER_LIBRARY_DIR)/Frameworks",
				);
				GCC_PRECOMPILE_PREFIX_HEADER = YES;
				GCC_PREFIX_HEADER = "ConvalotTests/ConvalotTests-Prefix.pch";
				INFOPLIST_FILE = "ConvalotTests/ConvalotTests-Info.plist";
				OTHER_LDFLAGS = (
					"-framework",
					SenTestingKit,
				);
				PRODUCT_NAME = "$(TARGET_NAME)";
				TEST_HOST = "$(BUNDLE_LOADER)";
				WRAPPER_EXTENSION = octest;
			};
			name = Debug;
		};
		407A55A0130D67B800AC33F4 /* Release */ = {
			isa = XCBuildConfiguration;
			buildSettings = {
				ALWAYS_SEARCH_USER_PATHS = NO;
				ARCHS = "$(ARCHS_STANDARD_32_BIT)";
				BUNDLE_LOADER = "$(BUILT_PRODUCTS_DIR)/Convalot.app/Convalot";
				FRAMEWORK_SEARCH_PATHS = (
					"$(SDKROOT)/Developer/Library/Frameworks",
					"$(DEVELOPER_LIBRARY_DIR)/Frameworks",
				);
				GCC_PRECOMPILE_PREFIX_HEADER = YES;
				GCC_PREFIX_HEADER = "ConvalotTests/ConvalotTests-Prefix.pch";
				INFOPLIST_FILE = "ConvalotTests/ConvalotTests-Info.plist";
				OTHER_LDFLAGS = (
					"-framework",
					SenTestingKit,
				);
				PRODUCT_NAME = "$(TARGET_NAME)";
				TEST_HOST = "$(BUNDLE_LOADER)";
				WRAPPER_EXTENSION = octest;
			};
			name = Release;
		};
/* End XCBuildConfiguration section */

/* Begin XCConfigurationList section */
		407A555B130D67B700AC33F4 /* Build configuration list for PBXProject "Convalot" */ = {
			isa = XCConfigurationList;
			buildConfigurations = (
				407A5599130D67B800AC33F4 /* Debug */,
				407A559A130D67B800AC33F4 /* Release */,
			);
			defaultConfigurationIsVisible = 0;
			defaultConfigurationName = Release;
		};
		407A559B130D67B800AC33F4 /* Build configuration list for PBXNativeTarget "Convalot" */ = {
			isa = XCConfigurationList;
			buildConfigurations = (
				407A559C130D67B800AC33F4 /* Debug */,
				407A559D130D67B800AC33F4 /* Release */,
			);
			defaultConfigurationIsVisible = 0;
			defaultConfigurationName = Release;
		};
		407A559E130D67B800AC33F4 /* Build configuration list for PBXNativeTarget "ConvalotTests" */ = {
			isa = XCConfigurationList;
			buildConfigurations = (
				407A559F130D67B800AC33F4 /* Debug */,
				407A55A0130D67B800AC33F4 /* Release */,
			);
			defaultConfigurationIsVisible = 0;
			defaultConfigurationName = Release;
		};
/* End XCConfigurationList section */
	};
	rootObject = 407A5558130D67B700AC33F4 /* Project object */;
}
